// !$*UTF8*$!
{
	archiveVersion = 1;
	classes = {
	};
	objectVersion = 46;
	objects = {

/* Begin PBXBuildFile section */
		4705D0F21B49AE4A00869C25 /* SectionManager.swift in Sources */ = {isa = PBXBuildFile; fileRef = 4705D0F11B49AE4A00869C25 /* SectionManager.swift */; };
		4705D0F41B49AFC400869C25 /* Coffee.swift in Sources */ = {isa = PBXBuildFile; fileRef = 4705D0F31B49AFC400869C25 /* Coffee.swift */; };
		473E92621B3C7DCA000F3BAD /* coffee1.mp3 in Resources */ = {isa = PBXBuildFile; fileRef = 473E923D1B3C7DCA000F3BAD /* coffee1.mp3 */; };
		473E92641B3C7DCA000F3BAD /* coffee2.mp3 in Resources */ = {isa = PBXBuildFile; fileRef = 473E923F1B3C7DCA000F3BAD /* coffee2.mp3 */; };
		473E92661B3C7DCA000F3BAD /* coffee3.mp3 in Resources */ = {isa = PBXBuildFile; fileRef = 473E92411B3C7DCA000F3BAD /* coffee3.mp3 */; };
		473E92681B3C7DCA000F3BAD /* death.mp3 in Resources */ = {isa = PBXBuildFile; fileRef = 473E92431B3C7DCA000F3BAD /* death.mp3 */; };
		473E926A1B3C7DCA000F3BAD /* flip.mp3 in Resources */ = {isa = PBXBuildFile; fileRef = 473E92451B3C7DCA000F3BAD /* flip.mp3 */; };
		473E926C1B3C7DCA000F3BAD /* owl.mp3 in Resources */ = {isa = PBXBuildFile; fileRef = 473E92471B3C7DCA000F3BAD /* owl.mp3 */; };
		473E926E1B3C7DCA000F3BAD /* theme.mp3 in Resources */ = {isa = PBXBuildFile; fileRef = 473E92491B3C7DCA000F3BAD /* theme.mp3 */; };
		473E92701B3C7DCA000F3BAD /* back.png in Resources */ = {isa = PBXBuildFile; fileRef = 473E924C1B3C7DCA000F3BAD /* back.png */; };
		473E92711B3C7DCA000F3BAD /* bg-far.png in Resources */ = {isa = PBXBuildFile; fileRef = 473E924E1B3C7DCA000F3BAD /* bg-far.png */; };
		473E92721B3C7DCA000F3BAD /* bg-mid.png in Resources */ = {isa = PBXBuildFile; fileRef = 473E924F1B3C7DCA000F3BAD /* bg-mid.png */; };
		473E92731B3C7DCA000F3BAD /* floor.png in Resources */ = {isa = PBXBuildFile; fileRef = 473E92501B3C7DCA000F3BAD /* floor.png */; };
		473E92741B3C7DCA000F3BAD /* coffee.png in Resources */ = {isa = PBXBuildFile; fileRef = 473E92511B3C7DCA000F3BAD /* coffee.png */; };
		473E92751B3C7DCA000F3BAD /* logo.png in Resources */ = {isa = PBXBuildFile; fileRef = 473E92521B3C7DCA000F3BAD /* logo.png */; };
		473E92761B3C7DCA000F3BAD /* main-background.jpg in Resources */ = {isa = PBXBuildFile; fileRef = 473E92531B3C7DCA000F3BAD /* main-background.jpg */; };
		473E92771B3C7DCA000F3BAD /* muted.png in Resources */ = {isa = PBXBuildFile; fileRef = 473E92541B3C7DCA000F3BAD /* muted.png */; };
		473E92781B3C7DCA000F3BAD /* owl1.png in Resources */ = {isa = PBXBuildFile; fileRef = 473E92561B3C7DCA000F3BAD /* owl1.png */; };
		473E92791B3C7DCA000F3BAD /* owl2.png in Resources */ = {isa = PBXBuildFile; fileRef = 473E92571B3C7DCA000F3BAD /* owl2.png */; };
		473E927A1B3C7DCA000F3BAD /* owl3.png in Resources */ = {isa = PBXBuildFile; fileRef = 473E92581B3C7DCA000F3BAD /* owl3.png */; };
		473E927B1B3C7DCA000F3BAD /* slothsprite1.png in Resources */ = {isa = PBXBuildFile; fileRef = 473E925A1B3C7DCA000F3BAD /* slothsprite1.png */; };
		473E927C1B3C7DCA000F3BAD /* slothsprite2.png in Resources */ = {isa = PBXBuildFile; fileRef = 473E925B1B3C7DCA000F3BAD /* slothsprite2.png */; };
		473E927D1B3C7DCA000F3BAD /* slothsprite3.png in Resources */ = {isa = PBXBuildFile; fileRef = 473E925C1B3C7DCA000F3BAD /* slothsprite3.png */; };
		473E927E1B3C7DCA000F3BAD /* slothsprite4.png in Resources */ = {isa = PBXBuildFile; fileRef = 473E925D1B3C7DCA000F3BAD /* slothsprite4.png */; };
		473E927F1B3C7DCA000F3BAD /* slothsprite_nofire.png in Resources */ = {isa = PBXBuildFile; fileRef = 473E925E1B3C7DCA000F3BAD /* slothsprite_nofire.png */; };
		473E92801B3C7DCA000F3BAD /* unmuted.png in Resources */ = {isa = PBXBuildFile; fileRef = 473E925F1B3C7DCA000F3BAD /* unmuted.png */; };
		473E92811B3C7DCA000F3BAD /* logo.psd in Resources */ = {isa = PBXBuildFile; fileRef = 473E92611B3C7DCA000F3BAD /* logo.psd */; };
		473E92831B3C8995000F3BAD /* Background.swift in Sources */ = {isa = PBXBuildFile; fileRef = 473E92821B3C8995000F3BAD /* Background.swift */; };
		477288021B3C6BA9009BA1C5 /* AppDelegate.swift in Sources */ = {isa = PBXBuildFile; fileRef = 477288011B3C6BA9009BA1C5 /* AppDelegate.swift */; };
		477288061B3C6BA9009BA1C5 /* GameScene.swift in Sources */ = {isa = PBXBuildFile; fileRef = 477288051B3C6BA9009BA1C5 /* GameScene.swift */; };
		477288081B3C6BA9009BA1C5 /* GameViewController.swift in Sources */ = {isa = PBXBuildFile; fileRef = 477288071B3C6BA9009BA1C5 /* GameViewController.swift */; };
		4772880B1B3C6BA9009BA1C5 /* Main.storyboard in Resources */ = {isa = PBXBuildFile; fileRef = 477288091B3C6BA9009BA1C5 /* Main.storyboard */; };
		4772880D1B3C6BA9009BA1C5 /* Assets.xcassets in Resources */ = {isa = PBXBuildFile; fileRef = 4772880C1B3C6BA9009BA1C5 /* Assets.xcassets */; };
		477288101B3C6BA9009BA1C5 /* LaunchScreen.storyboard in Resources */ = {isa = PBXBuildFile; fileRef = 4772880E1B3C6BA9009BA1C5 /* LaunchScreen.storyboard */; };
		4772881B1B3C6BA9009BA1C5 /* Coffee_SlothTests.swift in Sources */ = {isa = PBXBuildFile; fileRef = 4772881A1B3C6BA9009BA1C5 /* Coffee_SlothTests.swift */; };
		477288261B3C6BA9009BA1C5 /* Coffee_SlothUITests.swift in Sources */ = {isa = PBXBuildFile; fileRef = 477288251B3C6BA9009BA1C5 /* Coffee_SlothUITests.swift */; };
		477288341B3C6DEF009BA1C5 /* Sloth.swift in Sources */ = {isa = PBXBuildFile; fileRef = 477288331B3C6DEF009BA1C5 /* Sloth.swift */; };
		47BEE0891B4956BF00E03B66 /* Helpers.swift in Sources */ = {isa = PBXBuildFile; fileRef = 47BEE0881B4956BF00E03B66 /* Helpers.swift */; };
/* End PBXBuildFile section */

/* Begin PBXContainerItemProxy section */
		477288171B3C6BA9009BA1C5 /* PBXContainerItemProxy */ = {
			isa = PBXContainerItemProxy;
			containerPortal = 477287F61B3C6BA9009BA1C5 /* Project object */;
			proxyType = 1;
			remoteGlobalIDString = 477287FD1B3C6BA9009BA1C5;
			remoteInfo = "Coffee Sloth";
		};
		477288221B3C6BA9009BA1C5 /* PBXContainerItemProxy */ = {
			isa = PBXContainerItemProxy;
			containerPortal = 477287F61B3C6BA9009BA1C5 /* Project object */;
			proxyType = 1;
			remoteGlobalIDString = 477287FD1B3C6BA9009BA1C5;
			remoteInfo = "Coffee Sloth";
		};
/* End PBXContainerItemProxy section */

/* Begin PBXFileReference section */
		4705D0F11B49AE4A00869C25 /* SectionManager.swift */ = {isa = PBXFileReference; fileEncoding = 4; lastKnownFileType = sourcecode.swift; path = SectionManager.swift; sourceTree = "<group>"; };
		4705D0F31B49AFC400869C25 /* Coffee.swift */ = {isa = PBXFileReference; fileEncoding = 4; lastKnownFileType = sourcecode.swift; path = Coffee.swift; sourceTree = "<group>"; };
		473E923D1B3C7DCA000F3BAD /* coffee1.mp3 */ = {isa = PBXFileReference; lastKnownFileType = audio.mp3; path = coffee1.mp3; sourceTree = "<group>"; };
		473E923F1B3C7DCA000F3BAD /* coffee2.mp3 */ = {isa = PBXFileReference; lastKnownFileType = audio.mp3; path = coffee2.mp3; sourceTree = "<group>"; };
		473E92411B3C7DCA000F3BAD /* coffee3.mp3 */ = {isa = PBXFileReference; lastKnownFileType = audio.mp3; path = coffee3.mp3; sourceTree = "<group>"; };
		473E92431B3C7DCA000F3BAD /* death.mp3 */ = {isa = PBXFileReference; lastKnownFileType = audio.mp3; path = death.mp3; sourceTree = "<group>"; };
		473E92451B3C7DCA000F3BAD /* flip.mp3 */ = {isa = PBXFileReference; lastKnownFileType = audio.mp3; path = flip.mp3; sourceTree = "<group>"; };
		473E92471B3C7DCA000F3BAD /* owl.mp3 */ = {isa = PBXFileReference; lastKnownFileType = audio.mp3; path = owl.mp3; sourceTree = "<group>"; };
		473E92491B3C7DCA000F3BAD /* theme.mp3 */ = {isa = PBXFileReference; lastKnownFileType = audio.mp3; path = theme.mp3; sourceTree = "<group>"; };
		473E924C1B3C7DCA000F3BAD /* back.png */ = {isa = PBXFileReference; lastKnownFileType = image.png; path = back.png; sourceTree = "<group>"; };
		473E924E1B3C7DCA000F3BAD /* bg-far.png */ = {isa = PBXFileReference; lastKnownFileType = image.png; path = "bg-far.png"; sourceTree = "<group>"; };
		473E924F1B3C7DCA000F3BAD /* bg-mid.png */ = {isa = PBXFileReference; lastKnownFileType = image.png; path = "bg-mid.png"; sourceTree = "<group>"; };
		473E92501B3C7DCA000F3BAD /* floor.png */ = {isa = PBXFileReference; lastKnownFileType = image.png; path = floor.png; sourceTree = "<group>"; };
		473E92511B3C7DCA000F3BAD /* coffee.png */ = {isa = PBXFileReference; lastKnownFileType = image.png; path = coffee.png; sourceTree = "<group>"; };
		473E92521B3C7DCA000F3BAD /* logo.png */ = {isa = PBXFileReference; lastKnownFileType = image.png; path = logo.png; sourceTree = "<group>"; };
		473E92531B3C7DCA000F3BAD /* main-background.jpg */ = {isa = PBXFileReference; lastKnownFileType = image.jpeg; path = "main-background.jpg"; sourceTree = "<group>"; };
		473E92541B3C7DCA000F3BAD /* muted.png */ = {isa = PBXFileReference; lastKnownFileType = image.png; path = muted.png; sourceTree = "<group>"; };
		473E92561B3C7DCA000F3BAD /* owl1.png */ = {isa = PBXFileReference; lastKnownFileType = image.png; name = owl1.png; path = asset/image/owl/owl1.png; sourceTree = "<group>"; };
		473E92571B3C7DCA000F3BAD /* owl2.png */ = {isa = PBXFileReference; lastKnownFileType = image.png; name = owl2.png; path = asset/image/owl/owl2.png; sourceTree = "<group>"; };
		473E92581B3C7DCA000F3BAD /* owl3.png */ = {isa = PBXFileReference; lastKnownFileType = image.png; name = owl3.png; path = asset/image/owl/owl3.png; sourceTree = "<group>"; };
		473E925A1B3C7DCA000F3BAD /* slothsprite1.png */ = {isa = PBXFileReference; lastKnownFileType = image.png; name = slothsprite1.png; path = asset/image/sloth/slothsprite1.png; sourceTree = "<group>"; };
		473E925B1B3C7DCA000F3BAD /* slothsprite2.png */ = {isa = PBXFileReference; lastKnownFileType = image.png; name = slothsprite2.png; path = asset/image/sloth/slothsprite2.png; sourceTree = "<group>"; };
		473E925C1B3C7DCA000F3BAD /* slothsprite3.png */ = {isa = PBXFileReference; lastKnownFileType = image.png; name = slothsprite3.png; path = asset/image/sloth/slothsprite3.png; sourceTree = "<group>"; };
		473E925D1B3C7DCA000F3BAD /* slothsprite4.png */ = {isa = PBXFileReference; lastKnownFileType = image.png; name = slothsprite4.png; path = asset/image/sloth/slothsprite4.png; sourceTree = "<group>"; };
		473E925E1B3C7DCA000F3BAD /* slothsprite_nofire.png */ = {isa = PBXFileReference; lastKnownFileType = image.png; name = slothsprite_nofire.png; path = asset/image/sloth/slothsprite_nofire.png; sourceTree = "<group>"; };
		473E925F1B3C7DCA000F3BAD /* unmuted.png */ = {isa = PBXFileReference; lastKnownFileType = image.png; path = unmuted.png; sourceTree = "<group>"; };
		473E92611B3C7DCA000F3BAD /* logo.psd */ = {isa = PBXFileReference; lastKnownFileType = file; path = logo.psd; sourceTree = "<group>"; };
		473E92821B3C8995000F3BAD /* Background.swift */ = {isa = PBXFileReference; fileEncoding = 4; lastKnownFileType = sourcecode.swift; path = Background.swift; sourceTree = "<group>"; };
		477287FE1B3C6BA9009BA1C5 /* Coffee Sloth.app */ = {isa = PBXFileReference; explicitFileType = wrapper.application; includeInIndex = 0; path = "Coffee Sloth.app"; sourceTree = BUILT_PRODUCTS_DIR; };
		477288011B3C6BA9009BA1C5 /* AppDelegate.swift */ = {isa = PBXFileReference; lastKnownFileType = sourcecode.swift; path = AppDelegate.swift; sourceTree = "<group>"; };
		477288051B3C6BA9009BA1C5 /* GameScene.swift */ = {isa = PBXFileReference; lastKnownFileType = sourcecode.swift; path = GameScene.swift; sourceTree = "<group>"; };
		477288071B3C6BA9009BA1C5 /* GameViewController.swift */ = {isa = PBXFileReference; lastKnownFileType = sourcecode.swift; path = GameViewController.swift; sourceTree = "<group>"; };
		4772880A1B3C6BA9009BA1C5 /* Base */ = {isa = PBXFileReference; lastKnownFileType = file.storyboard; name = Base; path = Base.lproj/Main.storyboard; sourceTree = "<group>"; };
		4772880C1B3C6BA9009BA1C5 /* Assets.xcassets */ = {isa = PBXFileReference; lastKnownFileType = folder.assetcatalog; path = Assets.xcassets; sourceTree = "<group>"; };
		4772880F1B3C6BA9009BA1C5 /* Base */ = {isa = PBXFileReference; lastKnownFileType = file.storyboard; name = Base; path = Base.lproj/LaunchScreen.storyboard; sourceTree = "<group>"; };
		477288111B3C6BA9009BA1C5 /* Info.plist */ = {isa = PBXFileReference; lastKnownFileType = text.plist.xml; path = Info.plist; sourceTree = "<group>"; };
		477288161B3C6BA9009BA1C5 /* Coffee SlothTests.xctest */ = {isa = PBXFileReference; explicitFileType = wrapper.cfbundle; includeInIndex = 0; path = "Coffee SlothTests.xctest"; sourceTree = BUILT_PRODUCTS_DIR; };
		4772881A1B3C6BA9009BA1C5 /* Coffee_SlothTests.swift */ = {isa = PBXFileReference; lastKnownFileType = sourcecode.swift; path = Coffee_SlothTests.swift; sourceTree = "<group>"; };
		4772881C1B3C6BA9009BA1C5 /* Info.plist */ = {isa = PBXFileReference; lastKnownFileType = text.plist.xml; path = Info.plist; sourceTree = "<group>"; };
		477288211B3C6BA9009BA1C5 /* Coffee SlothUITests.xctest */ = {isa = PBXFileReference; explicitFileType = wrapper.cfbundle; includeInIndex = 0; path = "Coffee SlothUITests.xctest"; sourceTree = BUILT_PRODUCTS_DIR; };
		477288251B3C6BA9009BA1C5 /* Coffee_SlothUITests.swift */ = {isa = PBXFileReference; lastKnownFileType = sourcecode.swift; path = Coffee_SlothUITests.swift; sourceTree = "<group>"; };
		477288271B3C6BA9009BA1C5 /* Info.plist */ = {isa = PBXFileReference; lastKnownFileType = text.plist.xml; path = Info.plist; sourceTree = "<group>"; };
		477288331B3C6DEF009BA1C5 /* Sloth.swift */ = {isa = PBXFileReference; fileEncoding = 4; lastKnownFileType = sourcecode.swift; path = Sloth.swift; sourceTree = "<group>"; };
		47BEE0881B4956BF00E03B66 /* Helpers.swift */ = {isa = PBXFileReference; fileEncoding = 4; lastKnownFileType = sourcecode.swift; path = Helpers.swift; sourceTree = "<group>"; };
/* End PBXFileReference section */

/* Begin PBXFrameworksBuildPhase section */
		477287FB1B3C6BA9009BA1C5 /* Frameworks */ = {
			isa = PBXFrameworksBuildPhase;
			buildActionMask = 2147483647;
			files = (
			);
			runOnlyForDeploymentPostprocessing = 0;
		};
		477288131B3C6BA9009BA1C5 /* Frameworks */ = {
			isa = PBXFrameworksBuildPhase;
			buildActionMask = 2147483647;
			files = (
			);
			runOnlyForDeploymentPostprocessing = 0;
		};
		4772881E1B3C6BA9009BA1C5 /* Frameworks */ = {
			isa = PBXFrameworksBuildPhase;
			buildActionMask = 2147483647;
			files = (
			);
			runOnlyForDeploymentPostprocessing = 0;
		};
/* End PBXFrameworksBuildPhase section */

/* Begin PBXGroup section */
		473E923B1B3C7DCA000F3BAD /* asset */ = {
			isa = PBXGroup;
			children = (
				473E92841B3C8A62000F3BAD /* sprites.atlas */,
				473E923C1B3C7DCA000F3BAD /* audio */,
				473E924B1B3C7DCA000F3BAD /* image */,
				473E92601B3C7DCA000F3BAD /* psd */,
			);
			name = asset;
			path = "Coffee Sloth/asset";
			sourceTree = "<group>";
		};
		473E923C1B3C7DCA000F3BAD /* audio */ = {
			isa = PBXGroup;
			children = (
				473E923D1B3C7DCA000F3BAD /* coffee1.mp3 */,
				473E923F1B3C7DCA000F3BAD /* coffee2.mp3 */,
				473E92411B3C7DCA000F3BAD /* coffee3.mp3 */,
				473E92431B3C7DCA000F3BAD /* death.mp3 */,
				473E92451B3C7DCA000F3BAD /* flip.mp3 */,
				473E92471B3C7DCA000F3BAD /* owl.mp3 */,
				473E92491B3C7DCA000F3BAD /* theme.mp3 */,
			);
			path = audio;
			sourceTree = "<group>";
		};
		473E924B1B3C7DCA000F3BAD /* image */ = {
			isa = PBXGroup;
			children = (
				473E924C1B3C7DCA000F3BAD /* back.png */,
				473E924D1B3C7DCA000F3BAD /* bluetheme */,
				473E92511B3C7DCA000F3BAD /* coffee.png */,
				473E92521B3C7DCA000F3BAD /* logo.png */,
				473E92531B3C7DCA000F3BAD /* main-background.jpg */,
				473E92541B3C7DCA000F3BAD /* muted.png */,
				473E925F1B3C7DCA000F3BAD /* unmuted.png */,
			);
			path = image;
			sourceTree = "<group>";
		};
		473E924D1B3C7DCA000F3BAD /* bluetheme */ = {
			isa = PBXGroup;
			children = (
				473E924E1B3C7DCA000F3BAD /* bg-far.png */,
				473E924F1B3C7DCA000F3BAD /* bg-mid.png */,
				473E92501B3C7DCA000F3BAD /* floor.png */,
			);
			path = bluetheme;
			sourceTree = "<group>";
		};
		473E92601B3C7DCA000F3BAD /* psd */ = {
			isa = PBXGroup;
			children = (
				473E92611B3C7DCA000F3BAD /* logo.psd */,
			);
			path = psd;
			sourceTree = "<group>";
		};
		473E92841B3C8A62000F3BAD /* sprites.atlas */ = {
			isa = PBXGroup;
			children = (
				473E92561B3C7DCA000F3BAD /* owl1.png */,
				473E92571B3C7DCA000F3BAD /* owl2.png */,
				473E92581B3C7DCA000F3BAD /* owl3.png */,
				473E925A1B3C7DCA000F3BAD /* slothsprite1.png */,
				473E925B1B3C7DCA000F3BAD /* slothsprite2.png */,
				473E925C1B3C7DCA000F3BAD /* slothsprite3.png */,
				473E925D1B3C7DCA000F3BAD /* slothsprite4.png */,
				473E925E1B3C7DCA000F3BAD /* slothsprite_nofire.png */,
			);
			name = sprites.atlas;
			path = ..;
			sourceTree = "<group>";
		};
		477287F51B3C6BA9009BA1C5 = {
			isa = PBXGroup;
			children = (
				477288001B3C6BA9009BA1C5 /* Coffee Sloth */,
				477288191B3C6BA9009BA1C5 /* Coffee SlothTests */,
				477288241B3C6BA9009BA1C5 /* Coffee SlothUITests */,
				477287FF1B3C6BA9009BA1C5 /* Products */,
				473E923B1B3C7DCA000F3BAD /* asset */,
			);
			sourceTree = "<group>";
		};
		477287FF1B3C6BA9009BA1C5 /* Products */ = {
			isa = PBXGroup;
			children = (
				477287FE1B3C6BA9009BA1C5 /* Coffee Sloth.app */,
				477288161B3C6BA9009BA1C5 /* Coffee SlothTests.xctest */,
				477288211B3C6BA9009BA1C5 /* Coffee SlothUITests.xctest */,
			);
			name = Products;
			sourceTree = "<group>";
		};
		477288001B3C6BA9009BA1C5 /* Coffee Sloth */ = {
			isa = PBXGroup;
			children = (
				47BEE0871B4956B100E03B66 /* Util */,
				477288011B3C6BA9009BA1C5 /* AppDelegate.swift */,
				473E92821B3C8995000F3BAD /* Background.swift */,
				477288051B3C6BA9009BA1C5 /* GameScene.swift */,
				477288071B3C6BA9009BA1C5 /* GameViewController.swift */,
				477288331B3C6DEF009BA1C5 /* Sloth.swift */,
				4705D0F31B49AFC400869C25 /* Coffee.swift */,
				477288091B3C6BA9009BA1C5 /* Main.storyboard */,
				4772880C1B3C6BA9009BA1C5 /* Assets.xcassets */,
				4772880E1B3C6BA9009BA1C5 /* LaunchScreen.storyboard */,
				477288111B3C6BA9009BA1C5 /* Info.plist */,
			);
			path = "Coffee Sloth";
			sourceTree = "<group>";
		};
		477288191B3C6BA9009BA1C5 /* Coffee SlothTests */ = {
			isa = PBXGroup;
			children = (
				4772881A1B3C6BA9009BA1C5 /* Coffee_SlothTests.swift */,
				4772881C1B3C6BA9009BA1C5 /* Info.plist */,
			);
			path = "Coffee SlothTests";
			sourceTree = "<group>";
		};
		477288241B3C6BA9009BA1C5 /* Coffee SlothUITests */ = {
			isa = PBXGroup;
			children = (
				477288251B3C6BA9009BA1C5 /* Coffee_SlothUITests.swift */,
				477288271B3C6BA9009BA1C5 /* Info.plist */,
			);
			path = "Coffee SlothUITests";
			sourceTree = "<group>";
		};
		47BEE0871B4956B100E03B66 /* Util */ = {
			isa = PBXGroup;
			children = (
				47BEE0881B4956BF00E03B66 /* Helpers.swift */,
				4705D0F11B49AE4A00869C25 /* SectionManager.swift */,
			);
			name = Util;
			sourceTree = "<group>";
		};
/* End PBXGroup section */

/* Begin PBXNativeTarget section */
		477287FD1B3C6BA9009BA1C5 /* Coffee Sloth */ = {
			isa = PBXNativeTarget;
			buildConfigurationList = 4772882A1B3C6BA9009BA1C5 /* Build configuration list for PBXNativeTarget "Coffee Sloth" */;
			buildPhases = (
				477287FA1B3C6BA9009BA1C5 /* Sources */,
				477287FB1B3C6BA9009BA1C5 /* Frameworks */,
				477287FC1B3C6BA9009BA1C5 /* Resources */,
			);
			buildRules = (
			);
			dependencies = (
			);
			name = "Coffee Sloth";
			productName = "Coffee Sloth";
			productReference = 477287FE1B3C6BA9009BA1C5 /* Coffee Sloth.app */;
			productType = "com.apple.product-type.application";
		};
		477288151B3C6BA9009BA1C5 /* Coffee SlothTests */ = {
			isa = PBXNativeTarget;
			buildConfigurationList = 4772882D1B3C6BA9009BA1C5 /* Build configuration list for PBXNativeTarget "Coffee SlothTests" */;
			buildPhases = (
				477288121B3C6BA9009BA1C5 /* Sources */,
				477288131B3C6BA9009BA1C5 /* Frameworks */,
				477288141B3C6BA9009BA1C5 /* Resources */,
			);
			buildRules = (
			);
			dependencies = (
				477288181B3C6BA9009BA1C5 /* PBXTargetDependency */,
			);
			name = "Coffee SlothTests";
			productName = "Coffee SlothTests";
			productReference = 477288161B3C6BA9009BA1C5 /* Coffee SlothTests.xctest */;
			productType = "com.apple.product-type.bundle.unit-test";
		};
		477288201B3C6BA9009BA1C5 /* Coffee SlothUITests */ = {
			isa = PBXNativeTarget;
			buildConfigurationList = 477288301B3C6BA9009BA1C5 /* Build configuration list for PBXNativeTarget "Coffee SlothUITests" */;
			buildPhases = (
				4772881D1B3C6BA9009BA1C5 /* Sources */,
				4772881E1B3C6BA9009BA1C5 /* Frameworks */,
				4772881F1B3C6BA9009BA1C5 /* Resources */,
			);
			buildRules = (
			);
			dependencies = (
				477288231B3C6BA9009BA1C5 /* PBXTargetDependency */,
			);
			name = "Coffee SlothUITests";
			productName = "Coffee SlothUITests";
			productReference = 477288211B3C6BA9009BA1C5 /* Coffee SlothUITests.xctest */;
			productType = "com.apple.product-type.bundle.ui-testing";
		};
/* End PBXNativeTarget section */

/* Begin PBXProject section */
		477287F61B3C6BA9009BA1C5 /* Project object */ = {
			isa = PBXProject;
			attributes = {
				LastUpgradeCheck = 0700;
				ORGANIZATIONNAME = "Ollis codes";
				TargetAttributes = {
					477287FD1B3C6BA9009BA1C5 = {
						CreatedOnToolsVersion = 7.0;
					};
					477288151B3C6BA9009BA1C5 = {
						CreatedOnToolsVersion = 7.0;
						TestTargetID = 477287FD1B3C6BA9009BA1C5;
					};
					477288201B3C6BA9009BA1C5 = {
						CreatedOnToolsVersion = 7.0;
						TestTargetID = 477287FD1B3C6BA9009BA1C5;
					};
				};
			};
			buildConfigurationList = 477287F91B3C6BA9009BA1C5 /* Build configuration list for PBXProject "Coffee Sloth" */;
			compatibilityVersion = "Xcode 3.2";
			developmentRegion = English;
			hasScannedForEncodings = 0;
			knownRegions = (
				en,
				Base,
			);
			mainGroup = 477287F51B3C6BA9009BA1C5;
			productRefGroup = 477287FF1B3C6BA9009BA1C5 /* Products */;
			projectDirPath = "";
			projectRoot = "";
			targets = (
				477287FD1B3C6BA9009BA1C5 /* Coffee Sloth */,
				477288151B3C6BA9009BA1C5 /* Coffee SlothTests */,
				477288201B3C6BA9009BA1C5 /* Coffee SlothUITests */,
			);
		};
/* End PBXProject section */

/* Begin PBXResourcesBuildPhase section */
		477287FC1B3C6BA9009BA1C5 /* Resources */ = {
			isa = PBXResourcesBuildPhase;
			buildActionMask = 2147483647;
			files = (
				473E92751B3C7DCA000F3BAD /* logo.png in Resources */,
				473E927F1B3C7DCA000F3BAD /* slothsprite_nofire.png in Resources */,
				473E92791B3C7DCA000F3BAD /* owl2.png in Resources */,
				473E92801B3C7DCA000F3BAD /* unmuted.png in Resources */,
				473E926C1B3C7DCA000F3BAD /* owl.mp3 in Resources */,
				473E92701B3C7DCA000F3BAD /* back.png in Resources */,
				473E92721B3C7DCA000F3BAD /* bg-mid.png in Resources */,
				473E927D1B3C7DCA000F3BAD /* slothsprite3.png in Resources */,
				473E927A1B3C7DCA000F3BAD /* owl3.png in Resources */,
				473E92741B3C7DCA000F3BAD /* coffee.png in Resources */,
				477288101B3C6BA9009BA1C5 /* LaunchScreen.storyboard in Resources */,
				473E92711B3C7DCA000F3BAD /* bg-far.png in Resources */,
				473E92781B3C7DCA000F3BAD /* owl1.png in Resources */,
				4772880D1B3C6BA9009BA1C5 /* Assets.xcassets in Resources */,
				473E926A1B3C7DCA000F3BAD /* flip.mp3 in Resources */,
				473E92661B3C7DCA000F3BAD /* coffee3.mp3 in Resources */,
				473E927B1B3C7DCA000F3BAD /* slothsprite1.png in Resources */,
				473E926E1B3C7DCA000F3BAD /* theme.mp3 in Resources */,
				473E92731B3C7DCA000F3BAD /* floor.png in Resources */,
				473E927C1B3C7DCA000F3BAD /* slothsprite2.png in Resources */,
				473E927E1B3C7DCA000F3BAD /* slothsprite4.png in Resources */,
				473E92641B3C7DCA000F3BAD /* coffee2.mp3 in Resources */,
				473E92621B3C7DCA000F3BAD /* coffee1.mp3 in Resources */,
				473E92761B3C7DCA000F3BAD /* main-background.jpg in Resources */,
				473E92811B3C7DCA000F3BAD /* logo.psd in Resources */,
				4772880B1B3C6BA9009BA1C5 /* Main.storyboard in Resources */,
				473E92771B3C7DCA000F3BAD /* muted.png in Resources */,
				473E92681B3C7DCA000F3BAD /* death.mp3 in Resources */,
			);
			runOnlyForDeploymentPostprocessing = 0;
		};
		477288141B3C6BA9009BA1C5 /* Resources */ = {
			isa = PBXResourcesBuildPhase;
			buildActionMask = 2147483647;
			files = (
			);
			runOnlyForDeploymentPostprocessing = 0;
		};
		4772881F1B3C6BA9009BA1C5 /* Resources */ = {
			isa = PBXResourcesBuildPhase;
			buildActionMask = 2147483647;
			files = (
			);
			runOnlyForDeploymentPostprocessing = 0;
		};
/* End PBXResourcesBuildPhase section */

/* Begin PBXSourcesBuildPhase section */
		477287FA1B3C6BA9009BA1C5 /* Sources */ = {
			isa = PBXSourcesBuildPhase;
			buildActionMask = 2147483647;
			files = (
				4705D0F21B49AE4A00869C25 /* SectionManager.swift in Sources */,
				477288341B3C6DEF009BA1C5 /* Sloth.swift in Sources */,
				47BEE0891B4956BF00E03B66 /* Helpers.swift in Sources */,
				477288061B3C6BA9009BA1C5 /* GameScene.swift in Sources */,
				477288081B3C6BA9009BA1C5 /* GameViewController.swift in Sources */,
				477288021B3C6BA9009BA1C5 /* AppDelegate.swift in Sources */,
				473E92831B3C8995000F3BAD /* Background.swift in Sources */,
				4705D0F41B49AFC400869C25 /* Coffee.swift in Sources */,
			);
			runOnlyForDeploymentPostprocessing = 0;
		};
		477288121B3C6BA9009BA1C5 /* Sources */ = {
			isa = PBXSourcesBuildPhase;
			buildActionMask = 2147483647;
			files = (
				4772881B1B3C6BA9009BA1C5 /* Coffee_SlothTests.swift in Sources */,
			);
			runOnlyForDeploymentPostprocessing = 0;
		};
		4772881D1B3C6BA9009BA1C5 /* Sources */ = {
			isa = PBXSourcesBuildPhase;
			buildActionMask = 2147483647;
			files = (
				477288261B3C6BA9009BA1C5 /* Coffee_SlothUITests.swift in Sources */,
			);
			runOnlyForDeploymentPostprocessing = 0;
		};
/* End PBXSourcesBuildPhase section */

/* Begin PBXTargetDependency section */
		477288181B3C6BA9009BA1C5 /* PBXTargetDependency */ = {
			isa = PBXTargetDependency;
			target = 477287FD1B3C6BA9009BA1C5 /* Coffee Sloth */;
			targetProxy = 477288171B3C6BA9009BA1C5 /* PBXContainerItemProxy */;
		};
		477288231B3C6BA9009BA1C5 /* PBXTargetDependency */ = {
			isa = PBXTargetDependency;
			target = 477287FD1B3C6BA9009BA1C5 /* Coffee Sloth */;
			targetProxy = 477288221B3C6BA9009BA1C5 /* PBXContainerItemProxy */;
		};
/* End PBXTargetDependency section */

/* Begin PBXVariantGroup section */
		477288091B3C6BA9009BA1C5 /* Main.storyboard */ = {
			isa = PBXVariantGroup;
			children = (
				4772880A1B3C6BA9009BA1C5 /* Base */,
			);
			name = Main.storyboard;
			sourceTree = "<group>";
		};
		4772880E1B3C6BA9009BA1C5 /* LaunchScreen.storyboard */ = {
			isa = PBXVariantGroup;
			children = (
				4772880F1B3C6BA9009BA1C5 /* Base */,
			);
			name = LaunchScreen.storyboard;
			sourceTree = "<group>";
		};
/* End PBXVariantGroup section */

/* Begin XCBuildConfiguration section */
		477288281B3C6BA9009BA1C5 /* Debug */ = {
			isa = XCBuildConfiguration;
			buildSettings = {
				ALWAYS_SEARCH_USER_PATHS = NO;
				CLANG_CXX_LANGUAGE_STANDARD = "gnu++0x";
				CLANG_CXX_LIBRARY = "libc++";
				CLANG_ENABLE_MODULES = YES;
				CLANG_ENABLE_OBJC_ARC = YES;
				CLANG_WARN_BOOL_CONVERSION = YES;
				CLANG_WARN_CONSTANT_CONVERSION = YES;
				CLANG_WARN_DIRECT_OBJC_ISA_USAGE = YES_ERROR;
				CLANG_WARN_EMPTY_BODY = YES;
				CLANG_WARN_ENUM_CONVERSION = YES;
				CLANG_WARN_INT_CONVERSION = YES;
				CLANG_WARN_OBJC_ROOT_CLASS = YES_ERROR;
				CLANG_WARN_UNREACHABLE_CODE = YES;
				CLANG_WARN__DUPLICATE_METHOD_MATCH = YES;
				"CODE_SIGN_IDENTITY[sdk=iphoneos*]" = "iPhone Developer";
				COPY_PHASE_STRIP = NO;
				DEBUG_INFORMATION_FORMAT = dwarf;
				ENABLE_STRICT_OBJC_MSGSEND = YES;
				ENABLE_TESTABILITY = YES;
				GCC_C_LANGUAGE_STANDARD = gnu99;
				GCC_DYNAMIC_NO_PIC = NO;
				GCC_NO_COMMON_BLOCKS = YES;
				GCC_OPTIMIZATION_LEVEL = 0;
				GCC_PREPROCESSOR_DEFINITIONS = (
					"DEBUG=1",
					"$(inherited)",
				);
				GCC_WARN_64_TO_32_BIT_CONVERSION = YES;
				GCC_WARN_ABOUT_RETURN_TYPE = YES_ERROR;
				GCC_WARN_UNDECLARED_SELECTOR = YES;
				GCC_WARN_UNINITIALIZED_AUTOS = YES_AGGRESSIVE;
				GCC_WARN_UNUSED_FUNCTION = YES;
				GCC_WARN_UNUSED_VARIABLE = YES;
				IPHONEOS_DEPLOYMENT_TARGET = 9.0;
				MTL_ENABLE_DEBUG_INFO = YES;
				ONLY_ACTIVE_ARCH = YES;
				SDKROOT = iphoneos;
				SWIFT_OPTIMIZATION_LEVEL = "-Onone";
			};
			name = Debug;
		};
		477288291B3C6BA9009BA1C5 /* Release */ = {
			isa = XCBuildConfiguration;
			buildSettings = {
				ALWAYS_SEARCH_USER_PATHS = NO;
				CLANG_CXX_LANGUAGE_STANDARD = "gnu++0x";
				CLANG_CXX_LIBRARY = "libc++";
				CLANG_ENABLE_MODULES = YES;
				CLANG_ENABLE_OBJC_ARC = YES;
				CLANG_WARN_BOOL_CONVERSION = YES;
				CLANG_WARN_CONSTANT_CONVERSION = YES;
				CLANG_WARN_DIRECT_OBJC_ISA_USAGE = YES_ERROR;
				CLANG_WARN_EMPTY_BODY = YES;
				CLANG_WARN_ENUM_CONVERSION = YES;
				CLANG_WARN_INT_CONVERSION = YES;
				CLANG_WARN_OBJC_ROOT_CLASS = YES_ERROR;
				CLANG_WARN_UNREACHABLE_CODE = YES;
				CLANG_WARN__DUPLICATE_METHOD_MATCH = YES;
				"CODE_SIGN_IDENTITY[sdk=iphoneos*]" = "iPhone Developer";
				COPY_PHASE_STRIP = NO;
				DEBUG_INFORMATION_FORMAT = "dwarf-with-dsym";
				ENABLE_NS_ASSERTIONS = NO;
				ENABLE_STRICT_OBJC_MSGSEND = YES;
				GCC_C_LANGUAGE_STANDARD = gnu99;
				GCC_NO_COMMON_BLOCKS = YES;
				GCC_WARN_64_TO_32_BIT_CONVERSION = YES;
				GCC_WARN_ABOUT_RETURN_TYPE = YES_ERROR;
				GCC_WARN_UNDECLARED_SELECTOR = YES;
				GCC_WARN_UNINITIALIZED_AUTOS = YES_AGGRESSIVE;
				GCC_WARN_UNUSED_FUNCTION = YES;
				GCC_WARN_UNUSED_VARIABLE = YES;
				IPHONEOS_DEPLOYMENT_TARGET = 9.0;
				MTL_ENABLE_DEBUG_INFO = NO;
				SDKROOT = iphoneos;
				VALIDATE_PRODUCT = YES;
			};
			name = Release;
		};
		4772882B1B3C6BA9009BA1C5 /* Debug */ = {
			isa = XCBuildConfiguration;
			buildSettings = {
				ASSETCATALOG_COMPILER_APPICON_NAME = AppIcon;
				INFOPLIST_FILE = "Coffee Sloth/Info.plist";
				LD_RUNPATH_SEARCH_PATHS = "$(inherited) @executable_path/Frameworks";
				PRODUCT_BUNDLE_IDENTIFIER = "com.olliscodes.Coffee-Sloth";
				PRODUCT_NAME = "$(TARGET_NAME)";
				TARGETED_DEVICE_FAMILY = 1;
			};
			name = Debug;
		};
		4772882C1B3C6BA9009BA1C5 /* Release */ = {
			isa = XCBuildConfiguration;
			buildSettings = {
				ASSETCATALOG_COMPILER_APPICON_NAME = AppIcon;
				INFOPLIST_FILE = "Coffee Sloth/Info.plist";
				LD_RUNPATH_SEARCH_PATHS = "$(inherited) @executable_path/Frameworks";
				PRODUCT_BUNDLE_IDENTIFIER = "com.olliscodes.Coffee-Sloth";
				PRODUCT_NAME = "$(TARGET_NAME)";
				TARGETED_DEVICE_FAMILY = 1;
			};
			name = Release;
		};
		4772882E1B3C6BA9009BA1C5 /* Debug */ = {
			isa = XCBuildConfiguration;
			buildSettings = {
				BUNDLE_LOADER = "$(TEST_HOST)";
				INFOPLIST_FILE = "Coffee SlothTests/Info.plist";
				LD_RUNPATH_SEARCH_PATHS = "$(inherited) @executable_path/Frameworks @loader_path/Frameworks";
				PRODUCT_BUNDLE_IDENTIFIER = "com.olliscodes.Coffee-SlothTests";
				PRODUCT_NAME = "$(TARGET_NAME)";
				TEST_HOST = "$(BUILT_PRODUCTS_DIR)/Coffee Sloth.app/Coffee Sloth";
			};
			name = Debug;
		};
		4772882F1B3C6BA9009BA1C5 /* Release */ = {
			isa = XCBuildConfiguration;
			buildSettings = {
				BUNDLE_LOADER = "$(TEST_HOST)";
				INFOPLIST_FILE = "Coffee SlothTests/Info.plist";
				LD_RUNPATH_SEARCH_PATHS = "$(inherited) @executable_path/Frameworks @loader_path/Frameworks";
				PRODUCT_BUNDLE_IDENTIFIER = "com.olliscodes.Coffee-SlothTests";
				PRODUCT_NAME = "$(TARGET_NAME)";
				TEST_HOST = "$(BUILT_PRODUCTS_DIR)/Coffee Sloth.app/Coffee Sloth";
			};
			name = Release;
		};
		477288311B3C6BA9009BA1C5 /* Debug */ = {
			isa = XCBuildConfiguration;
			buildSettings = {
				INFOPLIST_FILE = "Coffee SlothUITests/Info.plist";
				LD_RUNPATH_SEARCH_PATHS = "$(inherited) @executable_path/Frameworks @loader_path/Frameworks";
				PRODUCT_BUNDLE_IDENTIFIER = "com.olliscodes.Coffee-SlothUITests";
				PRODUCT_NAME = "$(TARGET_NAME)";
				TEST_TARGET_NAME = "Coffee Sloth";
				USES_XCTRUNNER = YES;
			};
			name = Debug;
		};
		477288321B3C6BA9009BA1C5 /* Release */ = {
			isa = XCBuildConfiguration;
			buildSettings = {
				INFOPLIST_FILE = "Coffee SlothUITests/Info.plist";
				LD_RUNPATH_SEARCH_PATHS = "$(inherited) @executable_path/Frameworks @loader_path/Frameworks";
				PRODUCT_BUNDLE_IDENTIFIER = "com.olliscodes.Coffee-SlothUITests";
				PRODUCT_NAME = "$(TARGET_NAME)";
				TEST_TARGET_NAME = "Coffee Sloth";
				USES_XCTRUNNER = YES;
			};
			name = Release;
		};
/* End XCBuildConfiguration section */

/* Begin XCConfigurationList section */
		477287F91B3C6BA9009BA1C5 /* Build configuration list for PBXProject "Coffee Sloth" */ = {
			isa = XCConfigurationList;
			buildConfigurations = (
				477288281B3C6BA9009BA1C5 /* Debug */,
				477288291B3C6BA9009BA1C5 /* Release */,
			);
			defaultConfigurationIsVisible = 0;
			defaultConfigurationName = Release;
		};
		4772882A1B3C6BA9009BA1C5 /* Build configuration list for PBXNativeTarget "Coffee Sloth" */ = {
			isa = XCConfigurationList;
			buildConfigurations = (
				4772882B1B3C6BA9009BA1C5 /* Debug */,
				4772882C1B3C6BA9009BA1C5 /* Release */,
			);
			defaultConfigurationIsVisible = 0;
			defaultConfigurationName = Release;
		};
		4772882D1B3C6BA9009BA1C5 /* Build configuration list for PBXNativeTarget "Coffee SlothTests" */ = {
			isa = XCConfigurationList;
			buildConfigurations = (
				4772882E1B3C6BA9009BA1C5 /* Debug */,
				4772882F1B3C6BA9009BA1C5 /* Release */,
			);
			defaultConfigurationIsVisible = 0;
			defaultConfigurationName = Release;
		};
		477288301B3C6BA9009BA1C5 /* Build configuration list for PBXNativeTarget "Coffee SlothUITests" */ = {
			isa = XCConfigurationList;
			buildConfigurations = (
				477288311B3C6BA9009BA1C5 /* Debug */,
				477288321B3C6BA9009BA1C5 /* Release */,
			);
			defaultConfigurationIsVisible = 0;
			defaultConfigurationName = Release;
		};
/* End XCConfigurationList section */
	};
	rootObject = 477287F61B3C6BA9009BA1C5 /* Project object */;
}
